// !$*UTF8*$!
{
	archiveVersion = 1;
	classes = {
	};
	objectVersion = 56;
	objects = {

/* Begin PBXBuildFile section */
		3F158FE32ACC5D21007EC1AF /* yt_labApp.swift in Sources */ = {isa = PBXBuildFile; fileRef = 3F158FE22ACC5D21007EC1AF /* yt_labApp.swift */; };
		3F158FE52ACC5D21007EC1AF /* ContentView.swift in Sources */ = {isa = PBXBuildFile; fileRef = 3F158FE42ACC5D21007EC1AF /* ContentView.swift */; };
		3F158FE72ACC5D22007EC1AF /* Assets.xcassets in Resources */ = {isa = PBXBuildFile; fileRef = 3F158FE62ACC5D22007EC1AF /* Assets.xcassets */; };
		3F158FEA2ACC5D22007EC1AF /* Preview Assets.xcassets in Resources */ = {isa = PBXBuildFile; fileRef = 3F158FE92ACC5D22007EC1AF /* Preview Assets.xcassets */; };
		3F158FF42ACC5D22007EC1AF /* yt_labTests.swift in Sources */ = {isa = PBXBuildFile; fileRef = 3F158FF32ACC5D22007EC1AF /* yt_labTests.swift */; };
		3F158FFE2ACC5D22007EC1AF /* yt_labUITests.swift in Sources */ = {isa = PBXBuildFile; fileRef = 3F158FFD2ACC5D22007EC1AF /* yt_labUITests.swift */; };
		3F1590002ACC5D22007EC1AF /* yt_labUITestsLaunchTests.swift in Sources */ = {isa = PBXBuildFile; fileRef = 3F158FFF2ACC5D22007EC1AF /* yt_labUITestsLaunchTests.swift */; };
/* End PBXBuildFile section */

/* Begin PBXContainerItemProxy section */
		3F158FF02ACC5D22007EC1AF /* PBXContainerItemProxy */ = {
			isa = PBXContainerItemProxy;
			containerPortal = 3F158FD72ACC5D21007EC1AF /* Project object */;
			proxyType = 1;
			remoteGlobalIDString = 3F158FDE2ACC5D21007EC1AF;
			remoteInfo = yt_lab;
		};
		3F158FFA2ACC5D22007EC1AF /* PBXContainerItemProxy */ = {
			isa = PBXContainerItemProxy;
			containerPortal = 3F158FD72ACC5D21007EC1AF /* Project object */;
			proxyType = 1;
			remoteGlobalIDString = 3F158FDE2ACC5D21007EC1AF;
			remoteInfo = yt_lab;
		};
/* End PBXContainerItemProxy section */

/* Begin PBXFileReference section */
		3F158FDF2ACC5D21007EC1AF /* yt_lab.app */ = {isa = PBXFileReference; explicitFileType = wrapper.application; includeInIndex = 0; path = yt_lab.app; sourceTree = BUILT_PRODUCTS_DIR; };
		3F158FE22ACC5D21007EC1AF /* yt_labApp.swift */ = {isa = PBXFileReference; lastKnownFileType = sourcecode.swift; path = yt_labApp.swift; sourceTree = "<group>"; };
		3F158FE42ACC5D21007EC1AF /* ContentView.swift */ = {isa = PBXFileReference; lastKnownFileType = sourcecode.swift; path = ContentView.swift; sourceTree = "<group>"; };
		3F158FE62ACC5D22007EC1AF /* Assets.xcassets */ = {isa = PBXFileReference; lastKnownFileType = folder.assetcatalog; path = Assets.xcassets; sourceTree = "<group>"; };
		3F158FE92ACC5D22007EC1AF /* Preview Assets.xcassets */ = {isa = PBXFileReference; lastKnownFileType = folder.assetcatalog; path = "Preview Assets.xcassets"; sourceTree = "<group>"; };
		3F158FEF2ACC5D22007EC1AF /* yt_labTests.xctest */ = {isa = PBXFileReference; explicitFileType = wrapper.cfbundle; includeInIndex = 0; path = yt_labTests.xctest; sourceTree = BUILT_PRODUCTS_DIR; };
		3F158FF32ACC5D22007EC1AF /* yt_labTests.swift */ = {isa = PBXFileReference; lastKnownFileType = sourcecode.swift; path = yt_labTests.swift; sourceTree = "<group>"; };
		3F158FF92ACC5D22007EC1AF /* yt_labUITests.xctest */ = {isa = PBXFileReference; explicitFileType = wrapper.cfbundle; includeInIndex = 0; path = yt_labUITests.xctest; sourceTree = BUILT_PRODUCTS_DIR; };
		3F158FFD2ACC5D22007EC1AF /* yt_labUITests.swift */ = {isa = PBXFileReference; lastKnownFileType = sourcecode.swift; path = yt_labUITests.swift; sourceTree = "<group>"; };
		3F158FFF2ACC5D22007EC1AF /* yt_labUITestsLaunchTests.swift */ = {isa = PBXFileReference; lastKnownFileType = sourcecode.swift; path = yt_labUITestsLaunchTests.swift; sourceTree = "<group>"; };
/* End PBXFileReference section */

/* Begin PBXFrameworksBuildPhase section */
		3F158FDC2ACC5D21007EC1AF /* Frameworks */ = {
			isa = PBXFrameworksBuildPhase;
			buildActionMask = 2147483647;
			files = (
			);
			runOnlyForDeploymentPostprocessing = 0;
		};
		3F158FEC2ACC5D22007EC1AF /* Frameworks */ = {
			isa = PBXFrameworksBuildPhase;
			buildActionMask = 2147483647;
			files = (
			);
			runOnlyForDeploymentPostprocessing = 0;
		};
		3F158FF62ACC5D22007EC1AF /* Frameworks */ = {
			isa = PBXFrameworksBuildPhase;
			buildActionMask = 2147483647;
			files = (
			);
			runOnlyForDeploymentPostprocessing = 0;
		};
/* End PBXFrameworksBuildPhase section */

/* Begin PBXGroup section */
		3F158FD62ACC5D21007EC1AF = {
			isa = PBXGroup;
			children = (
				3F158FE12ACC5D21007EC1AF /* yt_lab */,
				3F158FF22ACC5D22007EC1AF /* yt_labTests */,
				3F158FFC2ACC5D22007EC1AF /* yt_labUITests */,
				3F158FE02ACC5D21007EC1AF /* Products */,
			);
			sourceTree = "<group>";
		};
		3F158FE02ACC5D21007EC1AF /* Products */ = {
			isa = PBXGroup;
			children = (
				3F158FDF2ACC5D21007EC1AF /* yt_lab.app */,
				3F158FEF2ACC5D22007EC1AF /* yt_labTests.xctest */,
				3F158FF92ACC5D22007EC1AF /* yt_labUITests.xctest */,
			);
			name = Products;
			sourceTree = "<group>";
		};
		3F158FE12ACC5D21007EC1AF /* yt_lab */ = {
			isa = PBXGroup;
			children = (
				3F158FE22ACC5D21007EC1AF /* yt_labApp.swift */,
				3F158FE42ACC5D21007EC1AF /* ContentView.swift */,
				3F158FE62ACC5D22007EC1AF /* Assets.xcassets */,
				3F158FE82ACC5D22007EC1AF /* Preview Content */,
			);
			path = yt_lab;
			sourceTree = "<group>";
		};
		3F158FE82ACC5D22007EC1AF /* Preview Content */ = {
			isa = PBXGroup;
			children = (
				3F158FE92ACC5D22007EC1AF /* Preview Assets.xcassets */,
			);
			path = "Preview Content";
			sourceTree = "<group>";
		};
		3F158FF22ACC5D22007EC1AF /* yt_labTests */ = {
			isa = PBXGroup;
			children = (
				3F158FF32ACC5D22007EC1AF /* yt_labTests.swift */,
			);
			path = yt_labTests;
			sourceTree = "<group>";
		};
		3F158FFC2ACC5D22007EC1AF /* yt_labUITests */ = {
			isa = PBXGroup;
			children = (
				3F158FFD2ACC5D22007EC1AF /* yt_labUITests.swift */,
				3F158FFF2ACC5D22007EC1AF /* yt_labUITestsLaunchTests.swift */,
			);
			path = yt_labUITests;
			sourceTree = "<group>";
		};
/* End PBXGroup section */

/* Begin PBXNativeTarget section */
		3F158FDE2ACC5D21007EC1AF /* yt_lab */ = {
			isa = PBXNativeTarget;
			buildConfigurationList = 3F1590032ACC5D22007EC1AF /* Build configuration list for PBXNativeTarget "yt_lab" */;
			buildPhases = (
				3F158FDB2ACC5D21007EC1AF /* Sources */,
				3F158FDC2ACC5D21007EC1AF /* Frameworks */,
				3F158FDD2ACC5D21007EC1AF /* Resources */,
			);
			buildRules = (
			);
			dependencies = (
			);
			name = yt_lab;
			productName = yt_lab;
			productReference = 3F158FDF2ACC5D21007EC1AF /* yt_lab.app */;
			productType = "com.apple.product-type.application";
		};
		3F158FEE2ACC5D22007EC1AF /* yt_labTests */ = {
			isa = PBXNativeTarget;
			buildConfigurationList = 3F1590062ACC5D22007EC1AF /* Build configuration list for PBXNativeTarget "yt_labTests" */;
			buildPhases = (
				3F158FEB2ACC5D22007EC1AF /* Sources */,
				3F158FEC2ACC5D22007EC1AF /* Frameworks */,
				3F158FED2ACC5D22007EC1AF /* Resources */,
			);
			buildRules = (
			);
			dependencies = (
				3F158FF12ACC5D22007EC1AF /* PBXTargetDependency */,
			);
			name = yt_labTests;
			productName = yt_labTests;
			productReference = 3F158FEF2ACC5D22007EC1AF /* yt_labTests.xctest */;
			productType = "com.apple.product-type.bundle.unit-test";
		};
		3F158FF82ACC5D22007EC1AF /* yt_labUITests */ = {
			isa = PBXNativeTarget;
			buildConfigurationList = 3F1590092ACC5D22007EC1AF /* Build configuration list for PBXNativeTarget "yt_labUITests" */;
			buildPhases = (
				3F158FF52ACC5D22007EC1AF /* Sources */,
				3F158FF62ACC5D22007EC1AF /* Frameworks */,
				3F158FF72ACC5D22007EC1AF /* Resources */,
			);
			buildRules = (
			);
			dependencies = (
				3F158FFB2ACC5D22007EC1AF /* PBXTargetDependency */,
			);
			name = yt_labUITests;
			productName = yt_labUITests;
			productReference = 3F158FF92ACC5D22007EC1AF /* yt_labUITests.xctest */;
			productType = "com.apple.product-type.bundle.ui-testing";
		};
/* End PBXNativeTarget section */

/* Begin PBXProject section */
		3F158FD72ACC5D21007EC1AF /* Project object */ = {
			isa = PBXProject;
			attributes = {
				BuildIndependentTargetsInParallel = 1;
				LastSwiftUpdateCheck = 1500;
				LastUpgradeCheck = 1500;
				TargetAttributes = {
					3F158FDE2ACC5D21007EC1AF = {
						CreatedOnToolsVersion = 15.0;
					};
					3F158FEE2ACC5D22007EC1AF = {
						CreatedOnToolsVersion = 15.0;
						TestTargetID = 3F158FDE2ACC5D21007EC1AF;
					};
					3F158FF82ACC5D22007EC1AF = {
						CreatedOnToolsVersion = 15.0;
						TestTargetID = 3F158FDE2ACC5D21007EC1AF;
					};
				};
			};
			buildConfigurationList = 3F158FDA2ACC5D21007EC1AF /* Build configuration list for PBXProject "yt_lab" */;
			compatibilityVersion = "Xcode 14.0";
			developmentRegion = en;
			hasScannedForEncodings = 0;
			knownRegions = (
				en,
				Base,
			);
			mainGroup = 3F158FD62ACC5D21007EC1AF;
			productRefGroup = 3F158FE02ACC5D21007EC1AF /* Products */;
			projectDirPath = "";
			projectRoot = "";
			targets = (
				3F158FDE2ACC5D21007EC1AF /* yt_lab */,
				3F158FEE2ACC5D22007EC1AF /* yt_labTests */,
				3F158FF82ACC5D22007EC1AF /* yt_labUITests */,
			);
		};
/* End PBXProject section */

/* Begin PBXResourcesBuildPhase section */
		3F158FDD2ACC5D21007EC1AF /* Resources */ = {
			isa = PBXResourcesBuildPhase;
			buildActionMask = 2147483647;
			files = (
				3F158FEA2ACC5D22007EC1AF /* Preview Assets.xcassets in Resources */,
				3F158FE72ACC5D22007EC1AF /* Assets.xcassets in Resources */,
			);
			runOnlyForDeploymentPostprocessing = 0;
		};
		3F158FED2ACC5D22007EC1AF /* Resources */ = {
			isa = PBXResourcesBuildPhase;
			buildActionMask = 2147483647;
			files = (
			);
			runOnlyForDeploymentPostprocessing = 0;
		};
		3F158FF72ACC5D22007EC1AF /* Resources */ = {
			isa = PBXResourcesBuildPhase;
			buildActionMask = 2147483647;
			files = (
			);
			runOnlyForDeploymentPostprocessing = 0;
		};
/* End PBXResourcesBuildPhase section */

/* Begin PBXSourcesBuildPhase section */
		3F158FDB2ACC5D21007EC1AF /* Sources */ = {
			isa = PBXSourcesBuildPhase;
			buildActionMask = 2147483647;
			files = (
				3F158FE52ACC5D21007EC1AF /* ContentView.swift in Sources */,
				3F158FE32ACC5D21007EC1AF /* yt_labApp.swift in Sources */,
			);
			runOnlyForDeploymentPostprocessing = 0;
		};
		3F158FEB2ACC5D22007EC1AF /* Sources */ = {
			isa = PBXSourcesBuildPhase;
			buildActionMask = 2147483647;
			files = (
				3F158FF42ACC5D22007EC1AF /* yt_labTests.swift in Sources */,
			);
			runOnlyForDeploymentPostprocessing = 0;
		};
		3F158FF52ACC5D22007EC1AF /* Sources */ = {
			isa = PBXSourcesBuildPhase;
			buildActionMask = 2147483647;
			files = (
				3F158FFE2ACC5D22007EC1AF /* yt_labUITests.swift in Sources */,
				3F1590002ACC5D22007EC1AF /* yt_labUITestsLaunchTests.swift in Sources */,
			);
			runOnlyForDeploymentPostprocessing = 0;
		};
/* End PBXSourcesBuildPhase section */

/* Begin PBXTargetDependency section */
		3F158FF12ACC5D22007EC1AF /* PBXTargetDependency */ = {
			isa = PBXTargetDependency;
			target = 3F158FDE2ACC5D21007EC1AF /* yt_lab */;
			targetProxy = 3F158FF02ACC5D22007EC1AF /* PBXContainerItemProxy */;
		};
		3F158FFB2ACC5D22007EC1AF /* PBXTargetDependency */ = {
			isa = PBXTargetDependency;
			target = 3F158FDE2ACC5D21007EC1AF /* yt_lab */;
			targetProxy = 3F158FFA2ACC5D22007EC1AF /* PBXContainerItemProxy */;
		};
/* End PBXTargetDependency section */

/* Begin XCBuildConfiguration section */
		3F1590012ACC5D22007EC1AF /* Debug */ = {
			isa = XCBuildConfiguration;
			buildSettings = {
				ALWAYS_SEARCH_USER_PATHS = NO;
				ASSETCATALOG_COMPILER_GENERATE_SWIFT_ASSET_SYMBOL_EXTENSIONS = YES;
				CLANG_ANALYZER_NONNULL = YES;
				CLANG_ANALYZER_NUMBER_OBJECT_CONVERSION = YES_AGGRESSIVE;
				CLANG_CXX_LANGUAGE_STANDARD = "gnu++20";
				CLANG_ENABLE_MODULES = YES;
				CLANG_ENABLE_OBJC_ARC = YES;
				CLANG_ENABLE_OBJC_WEAK = YES;
				CLANG_WARN_BLOCK_CAPTURE_AUTORELEASING = YES;
				CLANG_WARN_BOOL_CONVERSION = YES;
				CLANG_WARN_COMMA = YES;
				CLANG_WARN_CONSTANT_CONVERSION = YES;
				CLANG_WARN_DEPRECATED_OBJC_IMPLEMENTATIONS = YES;
				CLANG_WARN_DIRECT_OBJC_ISA_USAGE = YES_ERROR;
				CLANG_WARN_DOCUMENTATION_COMMENTS = YES;
				CLANG_WARN_EMPTY_BODY = YES;
				CLANG_WARN_ENUM_CONVERSION = YES;
				CLANG_WARN_INFINITE_RECURSION = YES;
				CLANG_WARN_INT_CONVERSION = YES;
				CLANG_WARN_NON_LITERAL_NULL_CONVERSION = YES;
				CLANG_WARN_OBJC_IMPLICIT_RETAIN_SELF = YES;
				CLANG_WARN_OBJC_LITERAL_CONVERSION = YES;
				CLANG_WARN_OBJC_ROOT_CLASS = YES_ERROR;
				CLANG_WARN_QUOTED_INCLUDE_IN_FRAMEWORK_HEADER = YES;
				CLANG_WARN_RANGE_LOOP_ANALYSIS = YES;
				CLANG_WARN_STRICT_PROTOTYPES = YES;
				CLANG_WARN_SUSPICIOUS_MOVE = YES;
				CLANG_WARN_UNGUARDED_AVAILABILITY = YES_AGGRESSIVE;
				CLANG_WARN_UNREACHABLE_CODE = YES;
				CLANG_WARN__DUPLICATE_METHOD_MATCH = YES;
				COPY_PHASE_STRIP = NO;
				DEBUG_INFORMATION_FORMAT = dwarf;
				ENABLE_STRICT_OBJC_MSGSEND = YES;
				ENABLE_TESTABILITY = YES;
				ENABLE_USER_SCRIPT_SANDBOXING = YES;
				GCC_C_LANGUAGE_STANDARD = gnu17;
				GCC_DYNAMIC_NO_PIC = NO;
				GCC_NO_COMMON_BLOCKS = YES;
				GCC_OPTIMIZATION_LEVEL = 0;
				GCC_PREPROCESSOR_DEFINITIONS = (
					"DEBUG=1",
					"$(inherited)",
				);
				GCC_WARN_64_TO_32_BIT_CONVERSION = YES;
				GCC_WARN_ABOUT_RETURN_TYPE = YES_ERROR;
				GCC_WARN_UNDECLARED_SELECTOR = YES;
				GCC_WARN_UNINITIALIZED_AUTOS = YES_AGGRESSIVE;
				GCC_WARN_UNUSED_FUNCTION = YES;
				GCC_WARN_UNUSED_VARIABLE = YES;
				IPHONEOS_DEPLOYMENT_TARGET = 17.0;
				LOCALIZATION_PREFERS_STRING_CATALOGS = YES;
				MTL_ENABLE_DEBUG_INFO = INCLUDE_SOURCE;
				MTL_FAST_MATH = YES;
				ONLY_ACTIVE_ARCH = YES;
				SDKROOT = iphoneos;
				SWIFT_ACTIVE_COMPILATION_CONDITIONS = "DEBUG $(inherited)";
				SWIFT_OPTIMIZATION_LEVEL = "-Onone";
			};
			name = Debug;
		};
		3F1590022ACC5D22007EC1AF /* Release */ = {
			isa = XCBuildConfiguration;
			buildSettings = {
				ALWAYS_SEARCH_USER_PATHS = NO;
				ASSETCATALOG_COMPILER_GENERATE_SWIFT_ASSET_SYMBOL_EXTENSIONS = YES;
				CLANG_ANALYZER_NONNULL = YES;
				CLANG_ANALYZER_NUMBER_OBJECT_CONVERSION = YES_AGGRESSIVE;
				CLANG_CXX_LANGUAGE_STANDARD = "gnu++20";
				CLANG_ENABLE_MODULES = YES;
				CLANG_ENABLE_OBJC_ARC = YES;
				CLANG_ENABLE_OBJC_WEAK = YES;
				CLANG_WARN_BLOCK_CAPTURE_AUTORELEASING = YES;
				CLANG_WARN_BOOL_CONVERSION = YES;
				CLANG_WARN_COMMA = YES;
				CLANG_WARN_CONSTANT_CONVERSION = YES;
				CLANG_WARN_DEPRECATED_OBJC_IMPLEMENTATIONS = YES;
				CLANG_WARN_DIRECT_OBJC_ISA_USAGE = YES_ERROR;
				CLANG_WARN_DOCUMENTATION_COMMENTS = YES;
				CLANG_WARN_EMPTY_BODY = YES;
				CLANG_WARN_ENUM_CONVERSION = YES;
				CLANG_WARN_INFINITE_RECURSION = YES;
				CLANG_WARN_INT_CONVERSION = YES;
				CLANG_WARN_NON_LITERAL_NULL_CONVERSION = YES;
				CLANG_WARN_OBJC_IMPLICIT_RETAIN_SELF = YES;
				CLANG_WARN_OBJC_LITERAL_CONVERSION = YES;
				CLANG_WARN_OBJC_ROOT_CLASS = YES_ERROR;
				CLANG_WARN_QUOTED_INCLUDE_IN_FRAMEWORK_HEADER = YES;
				CLANG_WARN_RANGE_LOOP_ANALYSIS = YES;
				CLANG_WARN_STRICT_PROTOTYPES = YES;
				CLANG_WARN_SUSPICIOUS_MOVE = YES;
				CLANG_WARN_UNGUARDED_AVAILABILITY = YES_AGGRESSIVE;
				CLANG_WARN_UNREACHABLE_CODE = YES;
				CLANG_WARN__DUPLICATE_METHOD_MATCH = YES;
				COPY_PHASE_STRIP = NO;
				DEBUG_INFORMATION_FORMAT = "dwarf-with-dsym";
				ENABLE_NS_ASSERTIONS = NO;
				ENABLE_STRICT_OBJC_MSGSEND = YES;
				ENABLE_USER_SCRIPT_SANDBOXING = YES;
				GCC_C_LANGUAGE_STANDARD = gnu17;
				GCC_NO_COMMON_BLOCKS = YES;
				GCC_WARN_64_TO_32_BIT_CONVERSION = YES;
				GCC_WARN_ABOUT_RETURN_TYPE = YES_ERROR;
				GCC_WARN_UNDECLARED_SELECTOR = YES;
				GCC_WARN_UNINITIALIZED_AUTOS = YES_AGGRESSIVE;
				GCC_WARN_UNUSED_FUNCTION = YES;
				GCC_WARN_UNUSED_VARIABLE = YES;
				IPHONEOS_DEPLOYMENT_TARGET = 17.0;
				LOCALIZATION_PREFERS_STRING_CATALOGS = YES;
				MTL_ENABLE_DEBUG_INFO = NO;
				MTL_FAST_MATH = YES;
				SDKROOT = iphoneos;
				SWIFT_COMPILATION_MODE = wholemodule;
				VALIDATE_PRODUCT = YES;
			};
			name = Release;
		};
		3F1590042ACC5D22007EC1AF /* Debug */ = {
			isa = XCBuildConfiguration;
			buildSettings = {
				ASSETCATALOG_COMPILER_APPICON_NAME = AppIcon;
				ASSETCATALOG_COMPILER_GLOBAL_ACCENT_COLOR_NAME = AccentColor;
				CODE_SIGN_STYLE = Automatic;
				CURRENT_PROJECT_VERSION = 1;
				DEVELOPMENT_ASSET_PATHS = "\"yt_lab/Preview Content\"";
				ENABLE_PREVIEWS = YES;
				GENERATE_INFOPLIST_FILE = YES;
				INFOPLIST_KEY_UIApplicationSceneManifest_Generation = YES;
				INFOPLIST_KEY_UIApplicationSupportsIndirectInputEvents = YES;
				INFOPLIST_KEY_UILaunchScreen_Generation = YES;
				INFOPLIST_KEY_UISupportedInterfaceOrientations_iPad = "UIInterfaceOrientationPortrait UIInterfaceOrientationPortraitUpsideDown UIInterfaceOrientationLandscapeLeft UIInterfaceOrientationLandscapeRight";
				INFOPLIST_KEY_UISupportedInterfaceOrientations_iPhone = "UIInterfaceOrientationPortrait UIInterfaceOrientationLandscapeLeft UIInterfaceOrientationLandscapeRight";
				LD_RUNPATH_SEARCH_PATHS = (
					"$(inherited)",
					"@executable_path/Frameworks",
				);
				MARKETING_VERSION = 1.0;
				PRODUCT_BUNDLE_IDENTIFIER = "LUT.yt-lab";
				PRODUCT_NAME = "$(TARGET_NAME)";
				SWIFT_EMIT_LOC_STRINGS = YES;
				SWIFT_VERSION = 5.0;
				TARGETED_DEVICE_FAMILY = "1,2";
			};
			name = Debug;
		};
		3F1590052ACC5D22007EC1AF /* Release */ = {
			isa = XCBuildConfiguration;
			buildSettings = {
				ASSETCATALOG_COMPILER_APPICON_NAME = AppIcon;
				ASSETCATALOG_COMPILER_GLOBAL_ACCENT_COLOR_NAME = AccentColor;
				CODE_SIGN_STYLE = Automatic;
				CURRENT_PROJECT_VERSION = 1;
				DEVELOPMENT_ASSET_PATHS = "\"yt_lab/Preview Content\"";
				ENABLE_PREVIEWS = YES;
				GENERATE_INFOPLIST_FILE = YES;
				INFOPLIST_KEY_UIApplicationSceneManifest_Generation = YES;
				INFOPLIST_KEY_UIApplicationSupportsIndirectInputEvents = YES;
				INFOPLIST_KEY_UILaunchScreen_Generation = YES;
				INFOPLIST_KEY_UISupportedInterfaceOrientations_iPad = "UIInterfaceOrientationPortrait UIInterfaceOrientationPortraitUpsideDown UIInterfaceOrientationLandscapeLeft UIInterfaceOrientationLandscapeRight";
				INFOPLIST_KEY_UISupportedInterfaceOrientations_iPhone = "UIInterfaceOrientationPortrait UIInterfaceOrientationLandscapeLeft UIInterfaceOrientationLandscapeRight";
				LD_RUNPATH_SEARCH_PATHS = (
					"$(inherited)",
					"@executable_path/Frameworks",
				);
				MARKETING_VERSION = 1.0;
				PRODUCT_BUNDLE_IDENTIFIER = "LUT.yt-lab";
				PRODUCT_NAME = "$(TARGET_NAME)";
				SWIFT_EMIT_LOC_STRINGS = YES;
				SWIFT_VERSION = 5.0;
				TARGETED_DEVICE_FAMILY = "1,2";
			};
			name = Release;
		};
		3F1590072ACC5D22007EC1AF /* Debug */ = {
			isa = XCBuildConfiguration;
			buildSettings = {
				ALWAYS_EMBED_SWIFT_STANDARD_LIBRARIES = YES;
				BUNDLE_LOADER = "$(TEST_HOST)";
				CODE_SIGN_STYLE = Automatic;
				CURRENT_PROJECT_VERSION = 1;
				GENERATE_INFOPLIST_FILE = YES;
				IPHONEOS_DEPLOYMENT_TARGET = 17.0;
				MARKETING_VERSION = 1.0;
				PRODUCT_BUNDLE_IDENTIFIER = "LUT.yt-labTests";
				PRODUCT_NAME = "$(TARGET_NAME)";
				SWIFT_EMIT_LOC_STRINGS = NO;
				SWIFT_VERSION = 5.0;
				TARGETED_DEVICE_FAMILY = "1,2";
				TEST_HOST = "$(BUILT_PRODUCTS_DIR)/yt_lab.app/$(BUNDLE_EXECUTABLE_FOLDER_PATH)/yt_lab";
			};
			name = Debug;
		};
		3F1590082ACC5D22007EC1AF /* Release */ = {
			isa = XCBuildConfiguration;
			buildSettings = {
				ALWAYS_EMBED_SWIFT_STANDARD_LIBRARIES = YES;
				BUNDLE_LOADER = "$(TEST_HOST)";
				CODE_SIGN_STYLE = Automatic;
				CURRENT_PROJECT_VERSION = 1;
				GENERATE_INFOPLIST_FILE = YES;
				IPHONEOS_DEPLOYMENT_TARGET = 17.0;
				MARKETING_VERSION = 1.0;
				PRODUCT_BUNDLE_IDENTIFIER = "LUT.yt-labTests";
				PRODUCT_NAME = "$(TARGET_NAME)";
				SWIFT_EMIT_LOC_STRINGS = NO;
				SWIFT_VERSION = 5.0;
				TARGETED_DEVICE_FAMILY = "1,2";
				TEST_HOST = "$(BUILT_PRODUCTS_DIR)/yt_lab.app/$(BUNDLE_EXECUTABLE_FOLDER_PATH)/yt_lab";
			};
			name = Release;
		};
		3F15900A2ACC5D22007EC1AF /* Debug */ = {
			isa = XCBuildConfiguration;
			buildSettings = {
				ALWAYS_EMBED_SWIFT_STANDARD_LIBRARIES = YES;
				CODE_SIGN_STYLE = Automatic;
				CURRENT_PROJECT_VERSION = 1;
				GENERATE_INFOPLIST_FILE = YES;
				MARKETING_VERSION = 1.0;
				PRODUCT_BUNDLE_IDENTIFIER = "LUT.yt-labUITests";
				PRODUCT_NAME = "$(TARGET_NAME)";
				SWIFT_EMIT_LOC_STRINGS = NO;
				SWIFT_VERSION = 5.0;
				TARGETED_DEVICE_FAMILY = "1,2";
				TEST_TARGET_NAME = yt_lab;
			};
			name = Debug;
		};
		3F15900B2ACC5D22007EC1AF /* Release */ = {
			isa = XCBuildConfiguration;
			buildSettings = {
				ALWAYS_EMBED_SWIFT_STANDARD_LIBRARIES = YES;
				CODE_SIGN_STYLE = Automatic;
				CURRENT_PROJECT_VERSION = 1;
				GENERATE_INFOPLIST_FILE = YES;
				MARKETING_VERSION = 1.0;
				PRODUCT_BUNDLE_IDENTIFIER = "LUT.yt-labUITests";
				PRODUCT_NAME = "$(TARGET_NAME)";
				SWIFT_EMIT_LOC_STRINGS = NO;
				SWIFT_VERSION = 5.0;
				TARGETED_DEVICE_FAMILY = "1,2";
				TEST_TARGET_NAME = yt_lab;
			};
			name = Release;
		};
/* End XCBuildConfiguration section */

/* Begin XCConfigurationList section */
		3F158FDA2ACC5D21007EC1AF /* Build configuration list for PBXProject "yt_lab" */ = {
			isa = XCConfigurationList;
			buildConfigurations = (
				3F1590012ACC5D22007EC1AF /* Debug */,
				3F1590022ACC5D22007EC1AF /* Release */,
			);
			defaultConfigurationIsVisible = 0;
			defaultConfigurationName = Release;
		};
		3F1590032ACC5D22007EC1AF /* Build configuration list for PBXNativeTarget "yt_lab" */ = {
			isa = XCConfigurationList;
			buildConfigurations = (
				3F1590042ACC5D22007EC1AF /* Debug */,
				3F1590052ACC5D22007EC1AF /* Release */,
			);
			defaultConfigurationIsVisible = 0;
			defaultConfigurationName = Release;
		};
		3F1590062ACC5D22007EC1AF /* Build configuration list for PBXNativeTarget "yt_labTests" */ = {
			isa = XCConfigurationList;
			buildConfigurations = (
				3F1590072ACC5D22007EC1AF /* Debug */,
				3F1590082ACC5D22007EC1AF /* Release */,
			);
			defaultConfigurationIsVisible = 0;
			defaultConfigurationName = Release;
		};
		3F1590092ACC5D22007EC1AF /* Build configuration list for PBXNativeTarget "yt_labUITests" */ = {
			isa = XCConfigurationList;
			buildConfigurations = (
				3F15900A2ACC5D22007EC1AF /* Debug */,
				3F15900B2ACC5D22007EC1AF /* Release */,
			);
			defaultConfigurationIsVisible = 0;
			defaultConfigurationName = Release;
		};
/* End XCConfigurationList section */
	};
	rootObject = 3F158FD72ACC5D21007EC1AF /* Project object */;
}
